
Microsoft Visual Studio Solution File, Format Version 12.00
# Visual Studio 2012
Project("{888888A0-9F3D-457C-B088-3A5042F75D52}") = "TestDriver", "TestDriver.pyproj", "{F7A9CE77-4E39-40EC-90D6-C0D0572CCBD7}"
EndProject
Global
	GlobalSection(SolutionConfigurationPlatforms) = preSolution
		Debug|Any CPU = Debug|Any CPU
		Release|Any CPU = Release|Any CPU
	EndGlobalSection
	GlobalSection(ProjectConfigurationPlatforms) = postSolution
		{F7A9CE77-4E39-40EC-90D6-C0D0572CCBD7}.Debug|Any CPU.ActiveCfg = Debug|Any CPU
		{F7A9CE77-4E39-40EC-90D6-C0D0572CCBD7}.Release|Any CPU.ActiveCfg = Release|Any CPU
	EndGlobalSection
	GlobalSection(SolutionProperties) = preSolution
		HideSolutionNode = FALSE
	EndGlobalSection
EndGlobal
